{
    "_meta": {
        "hash": {
            "sha256": "2eaa37c08be89f36de040353096676e6317c38ef6528afee57cfb001e9f80a4d"
        },
        "pipfile-spec": 6,
        "requires": {
            "python_version": "3.7"
        },
        "sources": [
            {
                "name": "pypi",
                "url": "https://pypi.org/simple",
                "verify_ssl": true
            }
        ]
    },
    "default": {
        "click": {
            "hashes": [
                "sha256:2335065e6395b9e67ca716de5f7526736bfa6ceead690adf616d925bdc622b13",
                "sha256:5b94b49521f6456670fdb30cd82a4eca9412788a93fa6dd6df72c94d5a8ff2d7"
            ],
            "index": "pypi",
            "version": "==7.0"
        },
        "pyswip": {
            "hashes": [
                "sha256:217de36dff08a4f647d52a2a3fe958bcf9bfdc98e7742e99669058697342f023",
                "sha256:4591414006340ad8f033f9f0ee4c4c9151cd5a309ed19741a9c79b9ffce8b58e"
            ],
            "index": "pypi",
            "version": "==0.2.9"
        }
    },
    "develop": {}
}
